
Microsoft Visual Studio Solution File, Format Version 12.00
# Visual Studio Version 17
VisualStudioVersion = 17.1.32319.34
MinimumVisualStudioVersion = 10.0.40219.1
Project("{FAE04EC0-301F-11D3-BF4B-00C04F79EFBC}") = "Reg1ML", "Reg1ML\Reg1ML.csproj", "{BD15229D-6715-4433-BEE0-EAA5F3F3F059}"
EndProject
Global
	GlobalSection(SolutionConfigurationPlatforms) = preSolution
		Debug|Any CPU = Debug|Any CPU
		Release|Any CPU = Release|Any CPU
	EndGlobalSection
	GlobalSection(ProjectConfigurationPlatforms) = postSolution
		{BD15229D-6715-4433-BEE0-EAA5F3F3F059}.Debug|Any CPU.ActiveCfg = Debug|Any CPU
		{BD15229D-6715-4433-BEE0-EAA5F3F3F059}.Debug|Any CPU.Build.0 = Debug|Any CPU
		{BD15229D-6715-4433-BEE0-EAA5F3F3F059}.Release|Any CPU.ActiveCfg = Release|Any CPU
		{BD15229D-6715-4433-BEE0-EAA5F3F3F059}.Release|Any CPU.Build.0 = Release|Any CPU
	EndGlobalSection
	GlobalSection(SolutionProperties) = preSolution
		HideSolutionNode = FALSE
	EndGlobalSection
	GlobalSection(ExtensibilityGlobals) = postSolution
		SolutionGuid = {7F6948A5-E198-4B61-A1B5-538153002F2F}
	EndGlobalSection
EndGlobal
